
Microsoft Visual Studio Solution File, Format Version 12.00
# Visual Studio Version 16
VisualStudioVersion = 16.0.30204.135
MinimumVisualStudioVersion = 10.0.40219.1
Project("{9A19103F-16F7-4668-BE54-9A1E7A4F7556}") = "graphqlservice", "graphqlservice\graphqlservice.csproj", "{7BA84333-7526-43CE-BA39-CE198107EB01}"
EndProject
Global
	GlobalSection(SolutionConfigurationPlatforms) = preSolution
		Debug|Any CPU = Debug|Any CPU
		Release|Any CPU = Release|Any CPU
	EndGlobalSection
	GlobalSection(ProjectConfigurationPlatforms) = postSolution
		{7BA84333-7526-43CE-BA39-CE198107EB01}.Debug|Any CPU.ActiveCfg = Debug|Any CPU
		{7BA84333-7526-43CE-BA39-CE198107EB01}.Debug|Any CPU.Build.0 = Debug|Any CPU
		{7BA84333-7526-43CE-BA39-CE198107EB01}.Release|Any CPU.ActiveCfg = Release|Any CPU
		{7BA84333-7526-43CE-BA39-CE198107EB01}.Release|Any CPU.Build.0 = Release|Any CPU
	EndGlobalSection
	GlobalSection(SolutionProperties) = preSolution
		HideSolutionNode = FALSE
	EndGlobalSection
	GlobalSection(ExtensibilityGlobals) = postSolution
		SolutionGuid = {9EFFAEAC-2835-42D6-90DF-6A12DDC1B3A2}
	EndGlobalSection
EndGlobal
