
Microsoft Visual Studio Solution File, Format Version 12.00
# Visual Studio Version 17
VisualStudioVersion = 17.3.32505.426
MinimumVisualStudioVersion = 10.0.40219.1
Project("{9A19103F-16F7-4668-BE54-9A1E7A4F7556}") = "GraphQlService", "GraphQlService\GraphQlService.csproj", "{C94318A2-BCA6-48B4-8ED6-45A46FDC43F0}"
EndProject
Global
	GlobalSection(SolutionConfigurationPlatforms) = preSolution
		Debug|Any CPU = Debug|Any CPU
		Release|Any CPU = Release|Any CPU
	EndGlobalSection
	GlobalSection(ProjectConfigurationPlatforms) = postSolution
		{C94318A2-BCA6-48B4-8ED6-45A46FDC43F0}.Debug|Any CPU.ActiveCfg = Debug|Any CPU
		{C94318A2-BCA6-48B4-8ED6-45A46FDC43F0}.Debug|Any CPU.Build.0 = Debug|Any CPU
		{C94318A2-BCA6-48B4-8ED6-45A46FDC43F0}.Release|Any CPU.ActiveCfg = Release|Any CPU
		{C94318A2-BCA6-48B4-8ED6-45A46FDC43F0}.Release|Any CPU.Build.0 = Release|Any CPU
	EndGlobalSection
	GlobalSection(SolutionProperties) = preSolution
		HideSolutionNode = FALSE
	EndGlobalSection
	GlobalSection(ExtensibilityGlobals) = postSolution
		SolutionGuid = {8FDAF8E4-61AA-4CD0-8F1A-4864588A9589}
	EndGlobalSection
EndGlobal
