
Microsoft Visual Studio Solution File, Format Version 12.00
# Visual Studio Version 17
VisualStudioVersion = 17.2.32408.312
MinimumVisualStudioVersion = 10.0.40219.1
Project("{FAE04EC0-301F-11D3-BF4B-00C04F79EFBC}") = "ChuckNorrisService", "ChuckNorrisService\ChuckNorrisService.csproj", "{FE9B9C81-F86D-4A80-B081-8CFBF0E1ED5B}"
EndProject
Global
	GlobalSection(SolutionConfigurationPlatforms) = preSolution
		Debug|Any CPU = Debug|Any CPU
		Release|Any CPU = Release|Any CPU
	EndGlobalSection
	GlobalSection(ProjectConfigurationPlatforms) = postSolution
		{FE9B9C81-F86D-4A80-B081-8CFBF0E1ED5B}.Debug|Any CPU.ActiveCfg = Debug|Any CPU
		{FE9B9C81-F86D-4A80-B081-8CFBF0E1ED5B}.Debug|Any CPU.Build.0 = Debug|Any CPU
		{FE9B9C81-F86D-4A80-B081-8CFBF0E1ED5B}.Release|Any CPU.ActiveCfg = Release|Any CPU
		{FE9B9C81-F86D-4A80-B081-8CFBF0E1ED5B}.Release|Any CPU.Build.0 = Release|Any CPU
	EndGlobalSection
	GlobalSection(SolutionProperties) = preSolution
		HideSolutionNode = FALSE
	EndGlobalSection
	GlobalSection(ExtensibilityGlobals) = postSolution
		SolutionGuid = {5D9DED8D-FE40-4009-94D0-C2A4DF89FCE4}
	EndGlobalSection
EndGlobal
