
Microsoft Visual Studio Solution File, Format Version 12.00
# Visual Studio 14
VisualStudioVersion = 14.0.25123.0
MinimumVisualStudioVersion = 10.0.40219.1
Project("{FAE04EC0-301F-11D3-BF4B-00C04F79EFBC}") = "WCF.Soap.Server", "WCF.Soap.Server\WCF.Soap.Server.csproj", "{B0F9B83B-82FC-467B-A48A-CE03B82260F1}"
EndProject
Project("{FAE04EC0-301F-11D3-BF4B-00C04F79EFBC}") = "WCF.Soap.Client", "WCF.Soap.Client\WCF.Soap.Client.csproj", "{269F5541-BF3A-47EE-9FB4-10C66A8DE757}"
	ProjectSection(ProjectDependencies) = postProject
		{B0F9B83B-82FC-467B-A48A-CE03B82260F1} = {B0F9B83B-82FC-467B-A48A-CE03B82260F1}
	EndProjectSection
EndProject
Global
	GlobalSection(SolutionConfigurationPlatforms) = preSolution
		Debug|Any CPU = Debug|Any CPU
		Release|Any CPU = Release|Any CPU
	EndGlobalSection
	GlobalSection(ProjectConfigurationPlatforms) = postSolution
		{B0F9B83B-82FC-467B-A48A-CE03B82260F1}.Debug|Any CPU.ActiveCfg = Debug|Any CPU
		{B0F9B83B-82FC-467B-A48A-CE03B82260F1}.Debug|Any CPU.Build.0 = Debug|Any CPU
		{B0F9B83B-82FC-467B-A48A-CE03B82260F1}.Release|Any CPU.ActiveCfg = Release|Any CPU
		{B0F9B83B-82FC-467B-A48A-CE03B82260F1}.Release|Any CPU.Build.0 = Release|Any CPU
		{269F5541-BF3A-47EE-9FB4-10C66A8DE757}.Debug|Any CPU.ActiveCfg = Debug|Any CPU
		{269F5541-BF3A-47EE-9FB4-10C66A8DE757}.Debug|Any CPU.Build.0 = Debug|Any CPU
		{269F5541-BF3A-47EE-9FB4-10C66A8DE757}.Release|Any CPU.ActiveCfg = Release|Any CPU
		{269F5541-BF3A-47EE-9FB4-10C66A8DE757}.Release|Any CPU.Build.0 = Release|Any CPU
	EndGlobalSection
	GlobalSection(SolutionProperties) = preSolution
		HideSolutionNode = FALSE
	EndGlobalSection
EndGlobal
