
Microsoft Visual Studio Solution File, Format Version 12.00
# Visual Studio 14
VisualStudioVersion = 14.0.25123.0
MinimumVisualStudioVersion = 10.0.40219.1
Project("{FAE04EC0-301F-11D3-BF4B-00C04F79EFBC}") = "WCF.Rest.ClientJson", "WCF.Rest.ClientJson\WCF.Rest.ClientJson.csproj", "{325CAE2F-C486-493F-9A52-988C875E421F}"
EndProject
Project("{FAE04EC0-301F-11D3-BF4B-00C04F79EFBC}") = "WCF.Rest.ClientXml", "WCF.Rest.ClientXml\WCF.Rest.ClientXml.csproj", "{750CF283-510C-4C76-A4C2-857E13F627A3}"
EndProject
Project("{FAE04EC0-301F-11D3-BF4B-00C04F79EFBC}") = "WCF.Rest.Server", "WCF.Rest.Server\WCF.Rest.Server.csproj", "{26CAABFA-1B67-4EF5-B84F-E9326625EE98}"
EndProject
Global
	GlobalSection(SolutionConfigurationPlatforms) = preSolution
		Debug|Any CPU = Debug|Any CPU
		Release|Any CPU = Release|Any CPU
	EndGlobalSection
	GlobalSection(ProjectConfigurationPlatforms) = postSolution
		{325CAE2F-C486-493F-9A52-988C875E421F}.Debug|Any CPU.ActiveCfg = Debug|Any CPU
		{325CAE2F-C486-493F-9A52-988C875E421F}.Debug|Any CPU.Build.0 = Debug|Any CPU
		{325CAE2F-C486-493F-9A52-988C875E421F}.Release|Any CPU.ActiveCfg = Release|Any CPU
		{325CAE2F-C486-493F-9A52-988C875E421F}.Release|Any CPU.Build.0 = Release|Any CPU
		{750CF283-510C-4C76-A4C2-857E13F627A3}.Debug|Any CPU.ActiveCfg = Debug|Any CPU
		{750CF283-510C-4C76-A4C2-857E13F627A3}.Debug|Any CPU.Build.0 = Debug|Any CPU
		{750CF283-510C-4C76-A4C2-857E13F627A3}.Release|Any CPU.ActiveCfg = Release|Any CPU
		{750CF283-510C-4C76-A4C2-857E13F627A3}.Release|Any CPU.Build.0 = Release|Any CPU
		{26CAABFA-1B67-4EF5-B84F-E9326625EE98}.Debug|Any CPU.ActiveCfg = Debug|Any CPU
		{26CAABFA-1B67-4EF5-B84F-E9326625EE98}.Debug|Any CPU.Build.0 = Debug|Any CPU
		{26CAABFA-1B67-4EF5-B84F-E9326625EE98}.Release|Any CPU.ActiveCfg = Release|Any CPU
		{26CAABFA-1B67-4EF5-B84F-E9326625EE98}.Release|Any CPU.Build.0 = Release|Any CPU
	EndGlobalSection
	GlobalSection(SolutionProperties) = preSolution
		HideSolutionNode = FALSE
	EndGlobalSection
EndGlobal
