
Microsoft Visual Studio Solution File, Format Version 12.00
# Visual Studio Version 17
VisualStudioVersion = 17.2.32408.312
MinimumVisualStudioVersion = 10.0.40219.1
Project("{FAE04EC0-301F-11D3-BF4B-00C04F79EFBC}") = "Basics", "Basics\Basics.csproj", "{57CEC942-BA1D-40E8-8679-22383FAA2771}"
EndProject
Project("{FAE04EC0-301F-11D3-BF4B-00C04F79EFBC}") = "Advanced", "Advanced\Advanced.csproj", "{FBDAE34F-C212-42E8-A21B-B4DCBA3F5EFE}"
EndProject
Global
	GlobalSection(SolutionConfigurationPlatforms) = preSolution
		Debug|Any CPU = Debug|Any CPU
		Release|Any CPU = Release|Any CPU
	EndGlobalSection
	GlobalSection(ProjectConfigurationPlatforms) = postSolution
		{57CEC942-BA1D-40E8-8679-22383FAA2771}.Debug|Any CPU.ActiveCfg = Debug|Any CPU
		{57CEC942-BA1D-40E8-8679-22383FAA2771}.Debug|Any CPU.Build.0 = Debug|Any CPU
		{57CEC942-BA1D-40E8-8679-22383FAA2771}.Release|Any CPU.ActiveCfg = Release|Any CPU
		{57CEC942-BA1D-40E8-8679-22383FAA2771}.Release|Any CPU.Build.0 = Release|Any CPU
		{FBDAE34F-C212-42E8-A21B-B4DCBA3F5EFE}.Debug|Any CPU.ActiveCfg = Debug|Any CPU
		{FBDAE34F-C212-42E8-A21B-B4DCBA3F5EFE}.Debug|Any CPU.Build.0 = Debug|Any CPU
		{FBDAE34F-C212-42E8-A21B-B4DCBA3F5EFE}.Release|Any CPU.ActiveCfg = Release|Any CPU
		{FBDAE34F-C212-42E8-A21B-B4DCBA3F5EFE}.Release|Any CPU.Build.0 = Release|Any CPU
	EndGlobalSection
	GlobalSection(SolutionProperties) = preSolution
		HideSolutionNode = FALSE
	EndGlobalSection
	GlobalSection(ExtensibilityGlobals) = postSolution
		SolutionGuid = {2C2E758F-60B5-4A50-8EA8-124CAE469537}
	EndGlobalSection
EndGlobal
