
Microsoft Visual Studio Solution File, Format Version 12.00
# Visual Studio Version 16
VisualStudioVersion = 16.0.29006.145
MinimumVisualStudioVersion = 10.0.40219.1
Project("{FAE04EC0-301F-11D3-BF4B-00C04F79EFBC}") = "AspNetCoreApiVersioning", "AspNetCoreApiVersioning\AspNetCoreApiVersioning.csproj", "{EC79A57E-3668-419B-A604-1BC0FBC811F7}"
EndProject
Global
	GlobalSection(SolutionConfigurationPlatforms) = preSolution
		Debug|Any CPU = Debug|Any CPU
		Release|Any CPU = Release|Any CPU
	EndGlobalSection
	GlobalSection(ProjectConfigurationPlatforms) = postSolution
		{EC79A57E-3668-419B-A604-1BC0FBC811F7}.Debug|Any CPU.ActiveCfg = Debug|Any CPU
		{EC79A57E-3668-419B-A604-1BC0FBC811F7}.Debug|Any CPU.Build.0 = Debug|Any CPU
		{EC79A57E-3668-419B-A604-1BC0FBC811F7}.Release|Any CPU.ActiveCfg = Release|Any CPU
		{EC79A57E-3668-419B-A604-1BC0FBC811F7}.Release|Any CPU.Build.0 = Release|Any CPU
	EndGlobalSection
	GlobalSection(SolutionProperties) = preSolution
		HideSolutionNode = FALSE
	EndGlobalSection
	GlobalSection(ExtensibilityGlobals) = postSolution
		SolutionGuid = {9B794F6C-3627-456D-B2F4-161BE3769114}
	EndGlobalSection
EndGlobal
