Microsoft Visual Studio Solution File, Format Version 12.00
# Visual Studio Version 17
VisualStudioVersion = 17.8.0.0
MinimumVisualStudioVersion = 17.8.0.0
Project("{9A19103F-16F7-4668-BE54-9A1E7A4F7556}") = "AspireOpenTelemetry.AppHost", "AspireOpenTelemetry.AppHost\AspireOpenTelemetry.AppHost.csproj", "{DA6B4E45-DD27-48DB-93B6-38874140F11C}"
EndProject
Project("{9A19103F-16F7-4668-BE54-9A1E7A4F7556}") = "AspireOpenTelemetry.Server", "AspireOpenTelemetry.Server\AspireOpenTelemetry.Server.csproj", "{77B20CF9-CA1F-4536-BB87-E1C71C7ECA23}"
EndProject
Project("{54A90642-561A-4BB1-A94E-469ADEE60C69}") = "frontend", "frontend\frontend.esproj", "{3E886965-B66C-4076-A5E8-F8652BD7BFDC}"
EndProject

Global
	GlobalSection(SolutionConfigurationPlatforms) = preSolution
		Debug|Any CPU = Debug|Any CPU
		Release|Any CPU = Release|Any CPU
	EndGlobalSection
	GlobalSection(ProjectConfigurationPlatforms) = postSolution
		{DA6B4E45-DD27-48DB-93B6-38874140F11C}.Debug|Any CPU.ActiveCfg = Debug|Any CPU
		{DA6B4E45-DD27-48DB-93B6-38874140F11C}.Debug|Any CPU.Build.0 = Debug|Any CPU
		{DA6B4E45-DD27-48DB-93B6-38874140F11C}.Release|Any CPU.ActiveCfg = Release|Any CPU
		{DA6B4E45-DD27-48DB-93B6-38874140F11C}.Release|Any CPU.Build.0 = Release|Any CPU
		{77B20CF9-CA1F-4536-BB87-E1C71C7ECA23}.Debug|Any CPU.ActiveCfg = Debug|Any CPU
		{77B20CF9-CA1F-4536-BB87-E1C71C7ECA23}.Debug|Any CPU.Build.0 = Debug|Any CPU
		{77B20CF9-CA1F-4536-BB87-E1C71C7ECA23}.Release|Any CPU.ActiveCfg = Release|Any CPU
		{77B20CF9-CA1F-4536-BB87-E1C71C7ECA23}.Release|Any CPU.Build.0 = Release|Any CPU
		{3E886965-B66C-4076-A5E8-F8652BD7BFDC}.Debug|Any CPU.ActiveCfg = Debug|Any CPU
		{3E886965-B66C-4076-A5E8-F8652BD7BFDC}.Debug|Any CPU.Build.0 = Debug|Any CPU
		{3E886965-B66C-4076-A5E8-F8652BD7BFDC}.Release|Any CPU.ActiveCfg = Release|Any CPU
		{3E886965-B66C-4076-A5E8-F8652BD7BFDC}.Release|Any CPU.Build.0 = Release|Any CPU

	EndGlobalSection
	GlobalSection(SolutionProperties) = preSolution
		HideSolutionNode = FALSE
	EndGlobalSection
	GlobalSection(ExtensibilityGlobals) = postSolution
		SolutionGuid = {27509857-F944-4A39-B892-ACE667A6C0A6}
	EndGlobalSection
EndGlobal
