
Microsoft Visual Studio Solution File, Format Version 12.00
# Visual Studio Version 17
VisualStudioVersion = 17.2.32505.173
MinimumVisualStudioVersion = 10.0.40219.1
Project("{FAE04EC0-301F-11D3-BF4B-00C04F79EFBC}") = "AspNetCoreSignalR", "AspNetCoreSignalR\AspNetCoreSignalR.csproj", "{FD12FEE9-6812-49D2-9CD1-BFB65A9E079E}"
EndProject
Global
	GlobalSection(SolutionConfigurationPlatforms) = preSolution
		Debug|Any CPU = Debug|Any CPU
		Release|Any CPU = Release|Any CPU
	EndGlobalSection
	GlobalSection(ProjectConfigurationPlatforms) = postSolution
		{FD12FEE9-6812-49D2-9CD1-BFB65A9E079E}.Debug|Any CPU.ActiveCfg = Debug|Any CPU
		{FD12FEE9-6812-49D2-9CD1-BFB65A9E079E}.Debug|Any CPU.Build.0 = Debug|Any CPU
		{FD12FEE9-6812-49D2-9CD1-BFB65A9E079E}.Release|Any CPU.ActiveCfg = Release|Any CPU
		{FD12FEE9-6812-49D2-9CD1-BFB65A9E079E}.Release|Any CPU.Build.0 = Release|Any CPU
	EndGlobalSection
	GlobalSection(SolutionProperties) = preSolution
		HideSolutionNode = FALSE
	EndGlobalSection
	GlobalSection(ExtensibilityGlobals) = postSolution
		SolutionGuid = {AF177352-1943-48A1-BDD1-1A3CF705F424}
	EndGlobalSection
EndGlobal
