
Microsoft Visual Studio Solution File, Format Version 12.00
# Visual Studio 15
VisualStudioVersion = 15.0.26430.6
MinimumVisualStudioVersion = 10.0.40219.1
Project("{FAE04EC0-301F-11D3-BF4B-00C04F79EFBC}") = "AspNetCore.MiddlewareConcepts", "AspNetCore.MiddlewareConcepts\AspNetCore.MiddlewareConcepts.csproj", "{4A21FB44-4974-4B33-97EA-7EAE9BF4AD11}"
EndProject
Project("{FAE04EC0-301F-11D3-BF4B-00C04F79EFBC}") = "AspNetCore.SimpleControllerSample", "AspNetCore.SimpleControllerSample\AspNetCore.SimpleControllerSample.csproj", "{5E879E81-FB21-45EF-8220-8600ED1A887D}"
EndProject
Project("{FAE04EC0-301F-11D3-BF4B-00C04F79EFBC}") = "AspNetCore.BooksServer", "AspNetCore.BooksServer\AspNetCore.BooksServer.csproj", "{03D91946-90DF-44D6-A5EF-9A54211A4405}"
EndProject
Project("{FAE04EC0-301F-11D3-BF4B-00C04F79EFBC}") = "AspNetCore.BooksClient", "AspNetCore.BooksClient\AspNetCore.BooksClient.csproj", "{71EAAF50-9D23-4554-B736-020D06B62E1B}"
EndProject
Project("{FAE04EC0-301F-11D3-BF4B-00C04F79EFBC}") = "AspNetCore.Logging", "AspNetCore.Logging\AspNetCore.Logging.csproj", "{4463EDCF-E604-42B4-9632-273404B7282F}"
EndProject
Project("{FAE04EC0-301F-11D3-BF4B-00C04F79EFBC}") = "AspNetCore.Logging.Serilog", "AspNetCore.Logging.Serilog\AspNetCore.Logging.Serilog.csproj", "{1C7E355F-6BBA-4193-856E-B2329C57AEFD}"
EndProject
Project("{FAE04EC0-301F-11D3-BF4B-00C04F79EFBC}") = "NetCore.AdoNet.ConnectedLayer", "NetCore.AdoNet.ConnectedLayer\NetCore.AdoNet.ConnectedLayer.csproj", "{949E8C49-4D60-41B0-BDBE-5718D360A8B5}"
EndProject
Global
	GlobalSection(SolutionConfigurationPlatforms) = preSolution
		Debug|Any CPU = Debug|Any CPU
		Release|Any CPU = Release|Any CPU
	EndGlobalSection
	GlobalSection(ProjectConfigurationPlatforms) = postSolution
		{4A21FB44-4974-4B33-97EA-7EAE9BF4AD11}.Debug|Any CPU.ActiveCfg = Debug|Any CPU
		{4A21FB44-4974-4B33-97EA-7EAE9BF4AD11}.Debug|Any CPU.Build.0 = Debug|Any CPU
		{4A21FB44-4974-4B33-97EA-7EAE9BF4AD11}.Release|Any CPU.ActiveCfg = Release|Any CPU
		{4A21FB44-4974-4B33-97EA-7EAE9BF4AD11}.Release|Any CPU.Build.0 = Release|Any CPU
		{5E879E81-FB21-45EF-8220-8600ED1A887D}.Debug|Any CPU.ActiveCfg = Debug|Any CPU
		{5E879E81-FB21-45EF-8220-8600ED1A887D}.Debug|Any CPU.Build.0 = Debug|Any CPU
		{5E879E81-FB21-45EF-8220-8600ED1A887D}.Release|Any CPU.ActiveCfg = Release|Any CPU
		{5E879E81-FB21-45EF-8220-8600ED1A887D}.Release|Any CPU.Build.0 = Release|Any CPU
		{03D91946-90DF-44D6-A5EF-9A54211A4405}.Debug|Any CPU.ActiveCfg = Debug|Any CPU
		{03D91946-90DF-44D6-A5EF-9A54211A4405}.Debug|Any CPU.Build.0 = Debug|Any CPU
		{03D91946-90DF-44D6-A5EF-9A54211A4405}.Release|Any CPU.ActiveCfg = Release|Any CPU
		{03D91946-90DF-44D6-A5EF-9A54211A4405}.Release|Any CPU.Build.0 = Release|Any CPU
		{71EAAF50-9D23-4554-B736-020D06B62E1B}.Debug|Any CPU.ActiveCfg = Debug|Any CPU
		{71EAAF50-9D23-4554-B736-020D06B62E1B}.Debug|Any CPU.Build.0 = Debug|Any CPU
		{71EAAF50-9D23-4554-B736-020D06B62E1B}.Release|Any CPU.ActiveCfg = Release|Any CPU
		{71EAAF50-9D23-4554-B736-020D06B62E1B}.Release|Any CPU.Build.0 = Release|Any CPU
		{4463EDCF-E604-42B4-9632-273404B7282F}.Debug|Any CPU.ActiveCfg = Debug|Any CPU
		{4463EDCF-E604-42B4-9632-273404B7282F}.Debug|Any CPU.Build.0 = Debug|Any CPU
		{4463EDCF-E604-42B4-9632-273404B7282F}.Release|Any CPU.ActiveCfg = Release|Any CPU
		{4463EDCF-E604-42B4-9632-273404B7282F}.Release|Any CPU.Build.0 = Release|Any CPU
		{1C7E355F-6BBA-4193-856E-B2329C57AEFD}.Debug|Any CPU.ActiveCfg = Debug|Any CPU
		{1C7E355F-6BBA-4193-856E-B2329C57AEFD}.Debug|Any CPU.Build.0 = Debug|Any CPU
		{1C7E355F-6BBA-4193-856E-B2329C57AEFD}.Release|Any CPU.ActiveCfg = Release|Any CPU
		{1C7E355F-6BBA-4193-856E-B2329C57AEFD}.Release|Any CPU.Build.0 = Release|Any CPU
		{949E8C49-4D60-41B0-BDBE-5718D360A8B5}.Debug|Any CPU.ActiveCfg = Debug|Any CPU
		{949E8C49-4D60-41B0-BDBE-5718D360A8B5}.Debug|Any CPU.Build.0 = Debug|Any CPU
		{949E8C49-4D60-41B0-BDBE-5718D360A8B5}.Release|Any CPU.ActiveCfg = Release|Any CPU
		{949E8C49-4D60-41B0-BDBE-5718D360A8B5}.Release|Any CPU.Build.0 = Release|Any CPU
	EndGlobalSection
	GlobalSection(SolutionProperties) = preSolution
		HideSolutionNode = FALSE
	EndGlobalSection
EndGlobal
