
Microsoft Visual Studio Solution File, Format Version 12.00
# Visual Studio 15
VisualStudioVersion = 15.0.26430.12
MinimumVisualStudioVersion = 10.0.40219.1
Project("{FAE04EC0-301F-11D3-BF4B-00C04F79EFBC}") = "AspNetCore.Security.OpenIddict", "AspNetCore.Security.OpenIddict\AspNetCore.Security.OpenIddict.csproj", "{108A4E94-6EE5-4139-9ACA-F7DFB2917876}"
EndProject
Project("{FAE04EC0-301F-11D3-BF4B-00C04F79EFBC}") = "AspNetCore.Security.OpenIddict.Client", "AspNetCore.Security.OpenIddict.Client\AspNetCore.Security.OpenIddict.Client.csproj", "{97B58A42-C577-45D8-B820-4804AB38A576}"
EndProject
Global
	GlobalSection(SolutionConfigurationPlatforms) = preSolution
		Debug|Any CPU = Debug|Any CPU
		Release|Any CPU = Release|Any CPU
	EndGlobalSection
	GlobalSection(ProjectConfigurationPlatforms) = postSolution
		{108A4E94-6EE5-4139-9ACA-F7DFB2917876}.Debug|Any CPU.ActiveCfg = Debug|Any CPU
		{108A4E94-6EE5-4139-9ACA-F7DFB2917876}.Debug|Any CPU.Build.0 = Debug|Any CPU
		{108A4E94-6EE5-4139-9ACA-F7DFB2917876}.Release|Any CPU.ActiveCfg = Release|Any CPU
		{108A4E94-6EE5-4139-9ACA-F7DFB2917876}.Release|Any CPU.Build.0 = Release|Any CPU
		{97B58A42-C577-45D8-B820-4804AB38A576}.Debug|Any CPU.ActiveCfg = Debug|Any CPU
		{97B58A42-C577-45D8-B820-4804AB38A576}.Debug|Any CPU.Build.0 = Debug|Any CPU
		{97B58A42-C577-45D8-B820-4804AB38A576}.Release|Any CPU.ActiveCfg = Release|Any CPU
		{97B58A42-C577-45D8-B820-4804AB38A576}.Release|Any CPU.Build.0 = Release|Any CPU
	EndGlobalSection
	GlobalSection(SolutionProperties) = preSolution
		HideSolutionNode = FALSE
	EndGlobalSection
EndGlobal
