
Microsoft Visual Studio Solution File, Format Version 12.00
# Visual Studio Version 17
VisualStudioVersion = 17.3.32505.426
MinimumVisualStudioVersion = 10.0.40219.1
Project("{9A19103F-16F7-4668-BE54-9A1E7A4F7556}") = "EfCoreCqrs", "EfCoreCqrs.csproj", "{DAFC34A8-F46F-4BBF-B52F-451A973EF8B5}"
EndProject
Global
	GlobalSection(SolutionConfigurationPlatforms) = preSolution
		Debug|Any CPU = Debug|Any CPU
		Release|Any CPU = Release|Any CPU
	EndGlobalSection
	GlobalSection(ProjectConfigurationPlatforms) = postSolution
		{DAFC34A8-F46F-4BBF-B52F-451A973EF8B5}.Debug|Any CPU.ActiveCfg = Debug|Any CPU
		{DAFC34A8-F46F-4BBF-B52F-451A973EF8B5}.Debug|Any CPU.Build.0 = Debug|Any CPU
		{DAFC34A8-F46F-4BBF-B52F-451A973EF8B5}.Release|Any CPU.ActiveCfg = Release|Any CPU
		{DAFC34A8-F46F-4BBF-B52F-451A973EF8B5}.Release|Any CPU.Build.0 = Release|Any CPU
	EndGlobalSection
	GlobalSection(SolutionProperties) = preSolution
		HideSolutionNode = FALSE
	EndGlobalSection
	GlobalSection(ExtensibilityGlobals) = postSolution
		SolutionGuid = {4637896D-A100-4CB9-826E-8675C6380DA7}
	EndGlobalSection
EndGlobal
