
Microsoft Visual Studio Solution File, Format Version 12.00
Project("{FAE04EC0-301F-11D3-BF4B-00C04F79EFBC}") = "AspNetGrpc", "AspNetGrpc\AspNetGrpc.csproj", "{D9E23585-D75E-4B6C-9B98-9D7B8BE76FD0}"
EndProject
Project("{FAE04EC0-301F-11D3-BF4B-00C04F79EFBC}") = "AspNetGrpc.Client", "AspNetGrpc.Client\AspNetGrpc.Client.csproj", "{23DAF859-C111-4121-9D02-A46E8ECEF0C4}"
EndProject
Project("{FAE04EC0-301F-11D3-BF4B-00C04F79EFBC}") = "AspNetGrpc.Producer", "AspNetGrpc.Producer\AspNetGrpc.Producer.csproj", "{2C3D18C4-C6E5-47D7-847F-C57AF1D3E8D4}"
EndProject
Global
	GlobalSection(SolutionConfigurationPlatforms) = preSolution
		Debug|Any CPU = Debug|Any CPU
		Release|Any CPU = Release|Any CPU
	EndGlobalSection
	GlobalSection(ProjectConfigurationPlatforms) = postSolution
		{D9E23585-D75E-4B6C-9B98-9D7B8BE76FD0}.Debug|Any CPU.ActiveCfg = Debug|Any CPU
		{D9E23585-D75E-4B6C-9B98-9D7B8BE76FD0}.Debug|Any CPU.Build.0 = Debug|Any CPU
		{D9E23585-D75E-4B6C-9B98-9D7B8BE76FD0}.Release|Any CPU.ActiveCfg = Release|Any CPU
		{D9E23585-D75E-4B6C-9B98-9D7B8BE76FD0}.Release|Any CPU.Build.0 = Release|Any CPU
		{23DAF859-C111-4121-9D02-A46E8ECEF0C4}.Debug|Any CPU.ActiveCfg = Debug|Any CPU
		{23DAF859-C111-4121-9D02-A46E8ECEF0C4}.Debug|Any CPU.Build.0 = Debug|Any CPU
		{23DAF859-C111-4121-9D02-A46E8ECEF0C4}.Release|Any CPU.ActiveCfg = Release|Any CPU
		{23DAF859-C111-4121-9D02-A46E8ECEF0C4}.Release|Any CPU.Build.0 = Release|Any CPU
		{2C3D18C4-C6E5-47D7-847F-C57AF1D3E8D4}.Debug|Any CPU.ActiveCfg = Debug|Any CPU
		{2C3D18C4-C6E5-47D7-847F-C57AF1D3E8D4}.Debug|Any CPU.Build.0 = Debug|Any CPU
		{2C3D18C4-C6E5-47D7-847F-C57AF1D3E8D4}.Release|Any CPU.ActiveCfg = Release|Any CPU
		{2C3D18C4-C6E5-47D7-847F-C57AF1D3E8D4}.Release|Any CPU.Build.0 = Release|Any CPU
	EndGlobalSection
EndGlobal
