
Microsoft Visual Studio Solution File, Format Version 12.00
# Visual Studio 14
VisualStudioVersion = 14.0.25420.1
MinimumVisualStudioVersion = 10.0.40219.1
Project("{FAE04EC0-301F-11D3-BF4B-00C04F79EFBC}") = "WebAPI.Security", "WebAPI.Security\WebAPI.Security.csproj", "{3D0065F8-B2AF-47AA-8C2C-26E7D189ABAB}"
EndProject
Project("{FAE04EC0-301F-11D3-BF4B-00C04F79EFBC}") = "WebAPI.Security.Client", "WebAPI.Security.Client\WebAPI.Security.Client.csproj", "{07728294-1B93-41D8-B49B-64683F4E984A}"
EndProject
Global
	GlobalSection(SolutionConfigurationPlatforms) = preSolution
		Debug|Any CPU = Debug|Any CPU
		Release|Any CPU = Release|Any CPU
	EndGlobalSection
	GlobalSection(ProjectConfigurationPlatforms) = postSolution
		{3D0065F8-B2AF-47AA-8C2C-26E7D189ABAB}.Debug|Any CPU.ActiveCfg = Debug|Any CPU
		{3D0065F8-B2AF-47AA-8C2C-26E7D189ABAB}.Debug|Any CPU.Build.0 = Debug|Any CPU
		{3D0065F8-B2AF-47AA-8C2C-26E7D189ABAB}.Release|Any CPU.ActiveCfg = Release|Any CPU
		{3D0065F8-B2AF-47AA-8C2C-26E7D189ABAB}.Release|Any CPU.Build.0 = Release|Any CPU
		{07728294-1B93-41D8-B49B-64683F4E984A}.Debug|Any CPU.ActiveCfg = Debug|Any CPU
		{07728294-1B93-41D8-B49B-64683F4E984A}.Debug|Any CPU.Build.0 = Debug|Any CPU
		{07728294-1B93-41D8-B49B-64683F4E984A}.Release|Any CPU.ActiveCfg = Release|Any CPU
		{07728294-1B93-41D8-B49B-64683F4E984A}.Release|Any CPU.Build.0 = Release|Any CPU
	EndGlobalSection
	GlobalSection(SolutionProperties) = preSolution
		HideSolutionNode = FALSE
	EndGlobalSection
EndGlobal
