
Microsoft Visual Studio Solution File, Format Version 12.00
# Visual Studio Version 17
VisualStudioVersion = 17.2.32408.312
MinimumVisualStudioVersion = 10.0.40219.1
Project("{FAE04EC0-301F-11D3-BF4B-00C04F79EFBC}") = "ChuckNorrisService", "ChuckNorrisService\ChuckNorrisService.csproj", "{AC7CE8BE-C011-4FF1-98D7-48FA5E701CC0}"
EndProject
Global
	GlobalSection(SolutionConfigurationPlatforms) = preSolution
		Debug|Any CPU = Debug|Any CPU
		Release|Any CPU = Release|Any CPU
	EndGlobalSection
	GlobalSection(ProjectConfigurationPlatforms) = postSolution
		{AC7CE8BE-C011-4FF1-98D7-48FA5E701CC0}.Debug|Any CPU.ActiveCfg = Debug|Any CPU
		{AC7CE8BE-C011-4FF1-98D7-48FA5E701CC0}.Debug|Any CPU.Build.0 = Debug|Any CPU
		{AC7CE8BE-C011-4FF1-98D7-48FA5E701CC0}.Release|Any CPU.ActiveCfg = Release|Any CPU
		{AC7CE8BE-C011-4FF1-98D7-48FA5E701CC0}.Release|Any CPU.Build.0 = Release|Any CPU
	EndGlobalSection
	GlobalSection(SolutionProperties) = preSolution
		HideSolutionNode = FALSE
	EndGlobalSection
	GlobalSection(ExtensibilityGlobals) = postSolution
		SolutionGuid = {F8CA5435-1481-4E0B-A143-A08EC4548530}
	EndGlobalSection
EndGlobal
