
Microsoft Visual Studio Solution File, Format Version 12.00
# Visual Studio Version 16
VisualStudioVersion = 16.0.29006.145
MinimumVisualStudioVersion = 10.0.40219.1
Project("{FAE04EC0-301F-11D3-BF4B-00C04F79EFBC}") = "AspNetCoreSignalR.ApiWithSpa", "AspNetCoreSignalR.ApiWithSpa\AspNetCoreSignalR.ApiWithSpa.csproj", "{5F41508D-71ED-444F-8F36-C5CC25F7E672}"
EndProject
Global
	GlobalSection(SolutionConfigurationPlatforms) = preSolution
		Debug|Any CPU = Debug|Any CPU
		Release|Any CPU = Release|Any CPU
	EndGlobalSection
	GlobalSection(ProjectConfigurationPlatforms) = postSolution
		{5F41508D-71ED-444F-8F36-C5CC25F7E672}.Debug|Any CPU.ActiveCfg = Debug|Any CPU
		{5F41508D-71ED-444F-8F36-C5CC25F7E672}.Debug|Any CPU.Build.0 = Debug|Any CPU
		{5F41508D-71ED-444F-8F36-C5CC25F7E672}.Release|Any CPU.ActiveCfg = Release|Any CPU
		{5F41508D-71ED-444F-8F36-C5CC25F7E672}.Release|Any CPU.Build.0 = Release|Any CPU
	EndGlobalSection
	GlobalSection(SolutionProperties) = preSolution
		HideSolutionNode = FALSE
	EndGlobalSection
	GlobalSection(ExtensibilityGlobals) = postSolution
		SolutionGuid = {14D76C3D-659E-438F-8229-1B6AC10FC539}
	EndGlobalSection
EndGlobal
