Microsoft Visual Studio Solution File, Format Version 12.00
# Visual Studio Version 17
VisualStudioVersion = 17.5.2.0
MinimumVisualStudioVersion = 10.0.40219.1
Project("{2150E333-8FDC-42A3-9474-1A3956D46DE8}") = "src", "src", "{827E0CD3-B72D-47B6-A68D-7590B98EB39B}"
EndProject
Project("{FAE04EC0-301F-11D3-BF4B-00C04F79EFBC}") = "AspNetSignalR", "src\AspNetSignalR\AspNetSignalR.csproj", "{83061520-636E-AB6F-848B-42E5AB8BCB76}"
EndProject
Global
	GlobalSection(SolutionConfigurationPlatforms) = preSolution
		Debug|Any CPU = Debug|Any CPU
		Release|Any CPU = Release|Any CPU
	EndGlobalSection
	GlobalSection(ProjectConfigurationPlatforms) = postSolution
		{83061520-636E-AB6F-848B-42E5AB8BCB76}.Debug|Any CPU.ActiveCfg = Debug|Any CPU
		{83061520-636E-AB6F-848B-42E5AB8BCB76}.Debug|Any CPU.Build.0 = Debug|Any CPU
		{83061520-636E-AB6F-848B-42E5AB8BCB76}.Release|Any CPU.ActiveCfg = Release|Any CPU
		{83061520-636E-AB6F-848B-42E5AB8BCB76}.Release|Any CPU.Build.0 = Release|Any CPU
	EndGlobalSection
	GlobalSection(SolutionProperties) = preSolution
		HideSolutionNode = FALSE
	EndGlobalSection
	GlobalSection(NestedProjects) = preSolution
		{83061520-636E-AB6F-848B-42E5AB8BCB76} = {827E0CD3-B72D-47B6-A68D-7590B98EB39B}
	EndGlobalSection
	GlobalSection(ExtensibilityGlobals) = postSolution
		SolutionGuid = {D690DAB6-B267-4A35-835A-F8A04B3E23D1}
	EndGlobalSection
EndGlobal
