
Microsoft Visual Studio Solution File, Format Version 12.00
# Visual Studio Version 16
VisualStudioVersion = 16.0.30317.65
MinimumVisualStudioVersion = 10.0.40219.1
Project("{FAE04EC0-301F-11D3-BF4B-00C04F79EFBC}") = "AspNetCoreGrpc.Api", "AspNetCoreGrpc.Api\AspNetCoreGrpc.Api.csproj", "{B223CEC3-290B-4998-8F6E-02C2DF86C437}"
EndProject
Project("{FAE04EC0-301F-11D3-BF4B-00C04F79EFBC}") = "AspNetCoreGrpc.ConsoleClient", "AspNetCoreGrpc.ConsoleClient\AspNetCoreGrpc.ConsoleClient.csproj", "{3F29104A-3F72-4BE8-B09C-FFFC42F31C8B}"
EndProject
Global
	GlobalSection(SolutionConfigurationPlatforms) = preSolution
		Debug|Any CPU = Debug|Any CPU
		Release|Any CPU = Release|Any CPU
	EndGlobalSection
	GlobalSection(ProjectConfigurationPlatforms) = postSolution
		{B223CEC3-290B-4998-8F6E-02C2DF86C437}.Debug|Any CPU.ActiveCfg = Debug|Any CPU
		{B223CEC3-290B-4998-8F6E-02C2DF86C437}.Debug|Any CPU.Build.0 = Debug|Any CPU
		{B223CEC3-290B-4998-8F6E-02C2DF86C437}.Release|Any CPU.ActiveCfg = Release|Any CPU
		{B223CEC3-290B-4998-8F6E-02C2DF86C437}.Release|Any CPU.Build.0 = Release|Any CPU
		{3F29104A-3F72-4BE8-B09C-FFFC42F31C8B}.Debug|Any CPU.ActiveCfg = Debug|Any CPU
		{3F29104A-3F72-4BE8-B09C-FFFC42F31C8B}.Debug|Any CPU.Build.0 = Debug|Any CPU
		{3F29104A-3F72-4BE8-B09C-FFFC42F31C8B}.Release|Any CPU.ActiveCfg = Release|Any CPU
		{3F29104A-3F72-4BE8-B09C-FFFC42F31C8B}.Release|Any CPU.Build.0 = Release|Any CPU
	EndGlobalSection
	GlobalSection(SolutionProperties) = preSolution
		HideSolutionNode = FALSE
	EndGlobalSection
	GlobalSection(ExtensibilityGlobals) = postSolution
		SolutionGuid = {55309409-59CB-4507-B964-CE6FF6CF4C5E}
	EndGlobalSection
EndGlobal
