
Microsoft Visual Studio Solution File, Format Version 12.00
# Visual Studio 14
VisualStudioVersion = 14.0.25123.0
MinimumVisualStudioVersion = 10.0.40219.1
Project("{FAE04EC0-301F-11D3-BF4B-00C04F79EFBC}") = "WCF.Soap.Client", "WCF.Soap.Client\WCF.Soap.Client.csproj", "{B6EE7B6A-A95F-4B87-A95C-6FD41B8DC15C}"
EndProject
Project("{FAE04EC0-301F-11D3-BF4B-00C04F79EFBC}") = "WCF.Soap.QuizService", "WCF.Soap.QuizService\WCF.Soap.QuizService.csproj", "{B1F34F0E-9F8C-4806-86B9-2865DF78AFEE}"
EndProject
Global
	GlobalSection(SolutionConfigurationPlatforms) = preSolution
		Debug|Any CPU = Debug|Any CPU
		Release|Any CPU = Release|Any CPU
	EndGlobalSection
	GlobalSection(ProjectConfigurationPlatforms) = postSolution
		{B6EE7B6A-A95F-4B87-A95C-6FD41B8DC15C}.Debug|Any CPU.ActiveCfg = Debug|Any CPU
		{B6EE7B6A-A95F-4B87-A95C-6FD41B8DC15C}.Debug|Any CPU.Build.0 = Debug|Any CPU
		{B6EE7B6A-A95F-4B87-A95C-6FD41B8DC15C}.Release|Any CPU.ActiveCfg = Release|Any CPU
		{B6EE7B6A-A95F-4B87-A95C-6FD41B8DC15C}.Release|Any CPU.Build.0 = Release|Any CPU
		{B1F34F0E-9F8C-4806-86B9-2865DF78AFEE}.Debug|Any CPU.ActiveCfg = Debug|Any CPU
		{B1F34F0E-9F8C-4806-86B9-2865DF78AFEE}.Debug|Any CPU.Build.0 = Debug|Any CPU
		{B1F34F0E-9F8C-4806-86B9-2865DF78AFEE}.Release|Any CPU.ActiveCfg = Release|Any CPU
		{B1F34F0E-9F8C-4806-86B9-2865DF78AFEE}.Release|Any CPU.Build.0 = Release|Any CPU
	EndGlobalSection
	GlobalSection(SolutionProperties) = preSolution
		HideSolutionNode = FALSE
	EndGlobalSection
EndGlobal
