
Microsoft Visual Studio Solution File, Format Version 12.00
# Visual Studio Version 16
VisualStudioVersion = 16.0.30223.230
MinimumVisualStudioVersion = 10.0.40219.1
Project("{FAE04EC0-301F-11D3-BF4B-00C04F79EFBC}") = "DiscordAuth", "DiscordAuth\DiscordAuth.csproj", "{75FCB337-BDCE-4051-994B-423C1BD8A665}"
EndProject
Global
	GlobalSection(SolutionConfigurationPlatforms) = preSolution
		Debug|Any CPU = Debug|Any CPU
		Release|Any CPU = Release|Any CPU
	EndGlobalSection
	GlobalSection(ProjectConfigurationPlatforms) = postSolution
		{75FCB337-BDCE-4051-994B-423C1BD8A665}.Debug|Any CPU.ActiveCfg = Debug|Any CPU
		{75FCB337-BDCE-4051-994B-423C1BD8A665}.Debug|Any CPU.Build.0 = Debug|Any CPU
		{75FCB337-BDCE-4051-994B-423C1BD8A665}.Release|Any CPU.ActiveCfg = Release|Any CPU
		{75FCB337-BDCE-4051-994B-423C1BD8A665}.Release|Any CPU.Build.0 = Release|Any CPU
	EndGlobalSection
	GlobalSection(SolutionProperties) = preSolution
		HideSolutionNode = FALSE
	EndGlobalSection
	GlobalSection(ExtensibilityGlobals) = postSolution
		SolutionGuid = {7B51E724-E1AC-4C44-A902-847DEF72CE41}
	EndGlobalSection
EndGlobal
