
Microsoft Visual Studio Solution File, Format Version 12.00
# Visual Studio Version 16
VisualStudioVersion = 16.0.29006.145
MinimumVisualStudioVersion = 10.0.40219.1
Project("{FAE04EC0-301F-11D3-BF4B-00C04F79EFBC}") = "AspNetCoreHateoasWithLinks", "AspNetCoreHateoasWithLinks\AspNetCoreHateoasWithLinks.csproj", "{5C1D55BC-601C-4800-B975-E8030A0B6571}"
EndProject
Global
	GlobalSection(SolutionConfigurationPlatforms) = preSolution
		Debug|Any CPU = Debug|Any CPU
		Release|Any CPU = Release|Any CPU
	EndGlobalSection
	GlobalSection(ProjectConfigurationPlatforms) = postSolution
		{5C1D55BC-601C-4800-B975-E8030A0B6571}.Debug|Any CPU.ActiveCfg = Debug|Any CPU
		{5C1D55BC-601C-4800-B975-E8030A0B6571}.Debug|Any CPU.Build.0 = Debug|Any CPU
		{5C1D55BC-601C-4800-B975-E8030A0B6571}.Release|Any CPU.ActiveCfg = Release|Any CPU
		{5C1D55BC-601C-4800-B975-E8030A0B6571}.Release|Any CPU.Build.0 = Release|Any CPU
	EndGlobalSection
	GlobalSection(SolutionProperties) = preSolution
		HideSolutionNode = FALSE
	EndGlobalSection
	GlobalSection(ExtensibilityGlobals) = postSolution
		SolutionGuid = {22A31539-970C-4464-A585-54C224FECDA7}
	EndGlobalSection
EndGlobal
