
Microsoft Visual Studio Solution File, Format Version 12.00
Project("{FAE04EC0-301F-11D3-BF4B-00C04F79EFBC}") = "ApiTesting.Api", "ApiTesting.Api\ApiTesting.Api.csproj", "{109F5B33-A2B7-4D91-BA5D-92B4CC9D7BB6}"
EndProject
Project("{FAE04EC0-301F-11D3-BF4B-00C04F79EFBC}") = "ApiTesting.Tests", "ApiTesting.Tests\ApiTesting.Tests.csproj", "{75A6F2F2-3722-4ECE-91FA-10A856FFAD77}"
EndProject
Global
	GlobalSection(SolutionConfigurationPlatforms) = preSolution
		Debug|Any CPU = Debug|Any CPU
		Release|Any CPU = Release|Any CPU
	EndGlobalSection
	GlobalSection(ProjectConfigurationPlatforms) = postSolution
		{109F5B33-A2B7-4D91-BA5D-92B4CC9D7BB6}.Debug|Any CPU.ActiveCfg = Debug|Any CPU
		{109F5B33-A2B7-4D91-BA5D-92B4CC9D7BB6}.Debug|Any CPU.Build.0 = Debug|Any CPU
		{109F5B33-A2B7-4D91-BA5D-92B4CC9D7BB6}.Release|Any CPU.ActiveCfg = Release|Any CPU
		{109F5B33-A2B7-4D91-BA5D-92B4CC9D7BB6}.Release|Any CPU.Build.0 = Release|Any CPU
		{75A6F2F2-3722-4ECE-91FA-10A856FFAD77}.Debug|Any CPU.ActiveCfg = Debug|Any CPU
		{75A6F2F2-3722-4ECE-91FA-10A856FFAD77}.Debug|Any CPU.Build.0 = Debug|Any CPU
		{75A6F2F2-3722-4ECE-91FA-10A856FFAD77}.Release|Any CPU.ActiveCfg = Release|Any CPU
		{75A6F2F2-3722-4ECE-91FA-10A856FFAD77}.Release|Any CPU.Build.0 = Release|Any CPU
	EndGlobalSection
EndGlobal
