
Microsoft Visual Studio Solution File, Format Version 12.00
# Visual Studio Version 16
VisualStudioVersion = 16.0.30223.230
MinimumVisualStudioVersion = 10.0.40219.1
Project("{9A19103F-16F7-4668-BE54-9A1E7A4F7556}") = "DISample.Api", "DISample.Api\DISample.Api.csproj", "{4A9A0856-92D0-4FE4-B9B5-F848512C22DF}"
EndProject
Global
	GlobalSection(SolutionConfigurationPlatforms) = preSolution
		Debug|Any CPU = Debug|Any CPU
		Release|Any CPU = Release|Any CPU
	EndGlobalSection
	GlobalSection(ProjectConfigurationPlatforms) = postSolution
		{4A9A0856-92D0-4FE4-B9B5-F848512C22DF}.Debug|Any CPU.ActiveCfg = Debug|Any CPU
		{4A9A0856-92D0-4FE4-B9B5-F848512C22DF}.Debug|Any CPU.Build.0 = Debug|Any CPU
		{4A9A0856-92D0-4FE4-B9B5-F848512C22DF}.Release|Any CPU.ActiveCfg = Release|Any CPU
		{4A9A0856-92D0-4FE4-B9B5-F848512C22DF}.Release|Any CPU.Build.0 = Release|Any CPU
	EndGlobalSection
	GlobalSection(SolutionProperties) = preSolution
		HideSolutionNode = FALSE
	EndGlobalSection
	GlobalSection(ExtensibilityGlobals) = postSolution
		SolutionGuid = {AF2BD11B-E423-4353-94CE-EBFFD18CF2AF}
	EndGlobalSection
EndGlobal
