
Microsoft Visual Studio Solution File, Format Version 12.00
# Visual Studio 14
VisualStudioVersion = 14.0.25123.0
MinimumVisualStudioVersion = 10.0.40219.1
Project("{FAE04EC0-301F-11D3-BF4B-00C04F79EFBC}") = "CSharpLanguageBasics", "CSharpLanguageBasics\CSharpLanguageBasics.csproj", "{1872C479-A7B9-4F08-B8E5-1E8E4DE3A1A5}"
EndProject
Project("{FAE04EC0-301F-11D3-BF4B-00C04F79EFBC}") = "CSharpAdvancedLanguageFeatures", "CSharpAdvancedLanguageFeatures\CSharpAdvancedLanguageFeatures.csproj", "{392F9C66-400C-4AE8-B234-DB3596B50495}"
EndProject
Project("{FAE04EC0-301F-11D3-BF4B-00C04F79EFBC}") = "WebAPI", "WebAPI\WebAPI.csproj", "{531520D5-38D1-4F95-B526-3F1E6D8796D5}"
EndProject
Project("{FAE04EC0-301F-11D3-BF4B-00C04F79EFBC}") = "WebAPI.Client", "WebAPI.Client\WebAPI.Client.csproj", "{47336FAE-3312-437C-A34F-F62B2B7D0E03}"
EndProject
Project("{FAE04EC0-301F-11D3-BF4B-00C04F79EFBC}") = "WCF.Soap", "WCF.Soap\WCF.Soap.csproj", "{82DC95BB-8B6A-4299-9F4F-7533791AA67C}"
EndProject
Project("{FAE04EC0-301F-11D3-BF4B-00C04F79EFBC}") = "WCF.Soap.Client", "WCF.Soap.Client\WCF.Soap.Client.csproj", "{885D69FA-BAE6-4390-BF2D-94EAF1779F57}"
	ProjectSection(ProjectDependencies) = postProject
		{82DC95BB-8B6A-4299-9F4F-7533791AA67C} = {82DC95BB-8B6A-4299-9F4F-7533791AA67C}
	EndProjectSection
EndProject
Project("{FAE04EC0-301F-11D3-BF4B-00C04F79EFBC}") = "WCF.Rest", "WCF.Rest\WCF.Rest.csproj", "{6FEA7029-AEFB-4D15-9458-A6F3F665D83B}"
EndProject
Project("{FAE04EC0-301F-11D3-BF4B-00C04F79EFBC}") = "WCF.Rest.Client", "WCF.Rest.Client\WCF.Rest.Client.csproj", "{D4C29D0A-1897-4B3D-8599-D6809C366AD3}"
EndProject
Project("{FAE04EC0-301F-11D3-BF4B-00C04F79EFBC}") = "WCF.AsyncService", "WCF.AsyncService\WCF.AsyncService.csproj", "{C9B23A06-6F96-4FA2-88FB-104D6BB59E42}"
EndProject
Project("{FAE04EC0-301F-11D3-BF4B-00C04F79EFBC}") = "AdoNET.ConnectedLayer", "AdoNET.ConnectedLayer\AdoNET.ConnectedLayer.csproj", "{86DB3609-4EE2-4376-88B6-6DC1172955DB}"
EndProject
Global
	GlobalSection(SolutionConfigurationPlatforms) = preSolution
		Debug|Any CPU = Debug|Any CPU
		Release|Any CPU = Release|Any CPU
	EndGlobalSection
	GlobalSection(ProjectConfigurationPlatforms) = postSolution
		{1872C479-A7B9-4F08-B8E5-1E8E4DE3A1A5}.Debug|Any CPU.ActiveCfg = Debug|Any CPU
		{1872C479-A7B9-4F08-B8E5-1E8E4DE3A1A5}.Debug|Any CPU.Build.0 = Debug|Any CPU
		{1872C479-A7B9-4F08-B8E5-1E8E4DE3A1A5}.Release|Any CPU.ActiveCfg = Release|Any CPU
		{1872C479-A7B9-4F08-B8E5-1E8E4DE3A1A5}.Release|Any CPU.Build.0 = Release|Any CPU
		{392F9C66-400C-4AE8-B234-DB3596B50495}.Debug|Any CPU.ActiveCfg = Debug|Any CPU
		{392F9C66-400C-4AE8-B234-DB3596B50495}.Debug|Any CPU.Build.0 = Debug|Any CPU
		{392F9C66-400C-4AE8-B234-DB3596B50495}.Release|Any CPU.ActiveCfg = Release|Any CPU
		{392F9C66-400C-4AE8-B234-DB3596B50495}.Release|Any CPU.Build.0 = Release|Any CPU
		{531520D5-38D1-4F95-B526-3F1E6D8796D5}.Debug|Any CPU.ActiveCfg = Debug|Any CPU
		{531520D5-38D1-4F95-B526-3F1E6D8796D5}.Debug|Any CPU.Build.0 = Debug|Any CPU
		{531520D5-38D1-4F95-B526-3F1E6D8796D5}.Release|Any CPU.ActiveCfg = Release|Any CPU
		{531520D5-38D1-4F95-B526-3F1E6D8796D5}.Release|Any CPU.Build.0 = Release|Any CPU
		{47336FAE-3312-437C-A34F-F62B2B7D0E03}.Debug|Any CPU.ActiveCfg = Debug|Any CPU
		{47336FAE-3312-437C-A34F-F62B2B7D0E03}.Debug|Any CPU.Build.0 = Debug|Any CPU
		{47336FAE-3312-437C-A34F-F62B2B7D0E03}.Release|Any CPU.ActiveCfg = Release|Any CPU
		{47336FAE-3312-437C-A34F-F62B2B7D0E03}.Release|Any CPU.Build.0 = Release|Any CPU
		{82DC95BB-8B6A-4299-9F4F-7533791AA67C}.Debug|Any CPU.ActiveCfg = Debug|Any CPU
		{82DC95BB-8B6A-4299-9F4F-7533791AA67C}.Debug|Any CPU.Build.0 = Debug|Any CPU
		{82DC95BB-8B6A-4299-9F4F-7533791AA67C}.Release|Any CPU.ActiveCfg = Release|Any CPU
		{82DC95BB-8B6A-4299-9F4F-7533791AA67C}.Release|Any CPU.Build.0 = Release|Any CPU
		{885D69FA-BAE6-4390-BF2D-94EAF1779F57}.Debug|Any CPU.ActiveCfg = Debug|Any CPU
		{885D69FA-BAE6-4390-BF2D-94EAF1779F57}.Debug|Any CPU.Build.0 = Debug|Any CPU
		{885D69FA-BAE6-4390-BF2D-94EAF1779F57}.Release|Any CPU.ActiveCfg = Release|Any CPU
		{885D69FA-BAE6-4390-BF2D-94EAF1779F57}.Release|Any CPU.Build.0 = Release|Any CPU
		{6FEA7029-AEFB-4D15-9458-A6F3F665D83B}.Debug|Any CPU.ActiveCfg = Debug|Any CPU
		{6FEA7029-AEFB-4D15-9458-A6F3F665D83B}.Debug|Any CPU.Build.0 = Debug|Any CPU
		{6FEA7029-AEFB-4D15-9458-A6F3F665D83B}.Release|Any CPU.ActiveCfg = Release|Any CPU
		{6FEA7029-AEFB-4D15-9458-A6F3F665D83B}.Release|Any CPU.Build.0 = Release|Any CPU
		{D4C29D0A-1897-4B3D-8599-D6809C366AD3}.Debug|Any CPU.ActiveCfg = Debug|Any CPU
		{D4C29D0A-1897-4B3D-8599-D6809C366AD3}.Debug|Any CPU.Build.0 = Debug|Any CPU
		{D4C29D0A-1897-4B3D-8599-D6809C366AD3}.Release|Any CPU.ActiveCfg = Release|Any CPU
		{D4C29D0A-1897-4B3D-8599-D6809C366AD3}.Release|Any CPU.Build.0 = Release|Any CPU
		{C9B23A06-6F96-4FA2-88FB-104D6BB59E42}.Debug|Any CPU.ActiveCfg = Debug|Any CPU
		{C9B23A06-6F96-4FA2-88FB-104D6BB59E42}.Debug|Any CPU.Build.0 = Debug|Any CPU
		{C9B23A06-6F96-4FA2-88FB-104D6BB59E42}.Release|Any CPU.ActiveCfg = Release|Any CPU
		{C9B23A06-6F96-4FA2-88FB-104D6BB59E42}.Release|Any CPU.Build.0 = Release|Any CPU
		{86DB3609-4EE2-4376-88B6-6DC1172955DB}.Debug|Any CPU.ActiveCfg = Debug|Any CPU
		{86DB3609-4EE2-4376-88B6-6DC1172955DB}.Debug|Any CPU.Build.0 = Debug|Any CPU
		{86DB3609-4EE2-4376-88B6-6DC1172955DB}.Release|Any CPU.ActiveCfg = Release|Any CPU
		{86DB3609-4EE2-4376-88B6-6DC1172955DB}.Release|Any CPU.Build.0 = Release|Any CPU
	EndGlobalSection
	GlobalSection(SolutionProperties) = preSolution
		HideSolutionNode = FALSE
	EndGlobalSection
EndGlobal
