
Microsoft Visual Studio Solution File, Format Version 12.00
# Visual Studio Version 16
VisualStudioVersion = 16.0.28917.182
MinimumVisualStudioVersion = 10.0.40219.1
Project("{9A19103F-16F7-4668-BE54-9A1E7A4F7556}") = "AspNetCoreTesting.Api", "AspNetCoreTesting.Api\AspNetCoreTesting.Api.csproj", "{AFCF4599-E4F5-44B6-9E69-9F5395FFCCE4}"
EndProject
Project("{9A19103F-16F7-4668-BE54-9A1E7A4F7556}") = "AspNetCoreTesting.UnitTests", "AspNetCoreTesting.UnitTests\AspNetCoreTesting.UnitTests.csproj", "{3E2D9F7A-A45A-4F56-8DEB-3ED047A80704}"
EndProject
Project("{9A19103F-16F7-4668-BE54-9A1E7A4F7556}") = "AspNetCoreTesting.Domain", "AspNetCoreTesting.Domain\AspNetCoreTesting.Domain.csproj", "{D7560D4C-9C07-4CB4-9172-30C9B70E8ACF}"
EndProject
Project("{9A19103F-16F7-4668-BE54-9A1E7A4F7556}") = "AspNetCoreTesting.Infrastructure", "AspNetCoreTesting.Infrastructure\AspNetCoreTesting.Infrastructure.csproj", "{6A9D01AD-189F-4633-9215-6A312688EDB3}"
EndProject
Project("{2150E333-8FDC-42A3-9474-1A3956D46DE8}") = "tests", "tests", "{AF2ACC5D-5731-4255-8526-22E723FB3D27}"
EndProject
Project("{9A19103F-16F7-4668-BE54-9A1E7A4F7556}") = "AspNetCoreTesting.IntegrationTests", "AspNetCoreTesting.IntegrationTests\AspNetCoreTesting.IntegrationTests.csproj", "{F6405FAB-7BBD-4910-8823-DEB1C156CEEB}"
EndProject
Project("{2150E333-8FDC-42A3-9474-1A3956D46DE8}") = "Solution Items", "Solution Items", "{6A9CA989-E013-4447-9252-69F6BCFD7D33}"
	ProjectSection(SolutionItems) = preProject
		.editorconfig = .editorconfig
	EndProjectSection
EndProject
Global
	GlobalSection(SolutionConfigurationPlatforms) = preSolution
		Debug|Any CPU = Debug|Any CPU
		Release|Any CPU = Release|Any CPU
	EndGlobalSection
	GlobalSection(ProjectConfigurationPlatforms) = postSolution
		{AFCF4599-E4F5-44B6-9E69-9F5395FFCCE4}.Debug|Any CPU.ActiveCfg = Debug|Any CPU
		{AFCF4599-E4F5-44B6-9E69-9F5395FFCCE4}.Debug|Any CPU.Build.0 = Debug|Any CPU
		{AFCF4599-E4F5-44B6-9E69-9F5395FFCCE4}.Release|Any CPU.ActiveCfg = Release|Any CPU
		{AFCF4599-E4F5-44B6-9E69-9F5395FFCCE4}.Release|Any CPU.Build.0 = Release|Any CPU
		{3E2D9F7A-A45A-4F56-8DEB-3ED047A80704}.Debug|Any CPU.ActiveCfg = Debug|Any CPU
		{3E2D9F7A-A45A-4F56-8DEB-3ED047A80704}.Debug|Any CPU.Build.0 = Debug|Any CPU
		{3E2D9F7A-A45A-4F56-8DEB-3ED047A80704}.Release|Any CPU.ActiveCfg = Release|Any CPU
		{3E2D9F7A-A45A-4F56-8DEB-3ED047A80704}.Release|Any CPU.Build.0 = Release|Any CPU
		{D7560D4C-9C07-4CB4-9172-30C9B70E8ACF}.Debug|Any CPU.ActiveCfg = Debug|Any CPU
		{D7560D4C-9C07-4CB4-9172-30C9B70E8ACF}.Debug|Any CPU.Build.0 = Debug|Any CPU
		{D7560D4C-9C07-4CB4-9172-30C9B70E8ACF}.Release|Any CPU.ActiveCfg = Release|Any CPU
		{D7560D4C-9C07-4CB4-9172-30C9B70E8ACF}.Release|Any CPU.Build.0 = Release|Any CPU
		{6A9D01AD-189F-4633-9215-6A312688EDB3}.Debug|Any CPU.ActiveCfg = Debug|Any CPU
		{6A9D01AD-189F-4633-9215-6A312688EDB3}.Debug|Any CPU.Build.0 = Debug|Any CPU
		{6A9D01AD-189F-4633-9215-6A312688EDB3}.Release|Any CPU.ActiveCfg = Release|Any CPU
		{6A9D01AD-189F-4633-9215-6A312688EDB3}.Release|Any CPU.Build.0 = Release|Any CPU
		{F6405FAB-7BBD-4910-8823-DEB1C156CEEB}.Debug|Any CPU.ActiveCfg = Debug|Any CPU
		{F6405FAB-7BBD-4910-8823-DEB1C156CEEB}.Debug|Any CPU.Build.0 = Debug|Any CPU
		{F6405FAB-7BBD-4910-8823-DEB1C156CEEB}.Release|Any CPU.ActiveCfg = Release|Any CPU
		{F6405FAB-7BBD-4910-8823-DEB1C156CEEB}.Release|Any CPU.Build.0 = Release|Any CPU
	EndGlobalSection
	GlobalSection(SolutionProperties) = preSolution
		HideSolutionNode = FALSE
	EndGlobalSection
	GlobalSection(NestedProjects) = preSolution
		{3E2D9F7A-A45A-4F56-8DEB-3ED047A80704} = {AF2ACC5D-5731-4255-8526-22E723FB3D27}
		{F6405FAB-7BBD-4910-8823-DEB1C156CEEB} = {AF2ACC5D-5731-4255-8526-22E723FB3D27}
	EndGlobalSection
	GlobalSection(ExtensibilityGlobals) = postSolution
		SolutionGuid = {56B361A4-708A-4B41-B278-DAFD60FCC194}
	EndGlobalSection
EndGlobal
