
Microsoft Visual Studio Solution File, Format Version 12.00
# Visual Studio Version 16
VisualStudioVersion = 16.0.29006.145
MinimumVisualStudioVersion = 10.0.40219.1
Project("{9A19103F-16F7-4668-BE54-9A1E7A4F7556}") = "StsServerIdentity", "StsServerIdentity\StsServerIdentity.csproj", "{50AD7486-9C6C-4136-80B4-62723BE5E150}"
EndProject
Project("{FAE04EC0-301F-11D3-BF4B-00C04F79EFBC}") = "AspNetCoreSecurity.Api", "AspNetCoreSecurity.Api\AspNetCoreSecurity.Api.csproj", "{8C4EA5AD-00EA-47C3-A9E9-9F33229FEE7F}"
EndProject
Project("{FAE04EC0-301F-11D3-BF4B-00C04F79EFBC}") = "AspNetCoreSecurity.ConsoleClient", "AspNetCoreSecurity.ConsoleClient\AspNetCoreSecurity.ConsoleClient.csproj", "{DD333DA5-600D-495E-80FA-C7BEA5CC9865}"
EndProject
Global
	GlobalSection(SolutionConfigurationPlatforms) = preSolution
		Debug|Any CPU = Debug|Any CPU
		Release|Any CPU = Release|Any CPU
	EndGlobalSection
	GlobalSection(ProjectConfigurationPlatforms) = postSolution
		{50AD7486-9C6C-4136-80B4-62723BE5E150}.Debug|Any CPU.ActiveCfg = Debug|Any CPU
		{50AD7486-9C6C-4136-80B4-62723BE5E150}.Debug|Any CPU.Build.0 = Debug|Any CPU
		{50AD7486-9C6C-4136-80B4-62723BE5E150}.Release|Any CPU.ActiveCfg = Release|Any CPU
		{50AD7486-9C6C-4136-80B4-62723BE5E150}.Release|Any CPU.Build.0 = Release|Any CPU
		{8C4EA5AD-00EA-47C3-A9E9-9F33229FEE7F}.Debug|Any CPU.ActiveCfg = Debug|Any CPU
		{8C4EA5AD-00EA-47C3-A9E9-9F33229FEE7F}.Debug|Any CPU.Build.0 = Debug|Any CPU
		{8C4EA5AD-00EA-47C3-A9E9-9F33229FEE7F}.Release|Any CPU.ActiveCfg = Release|Any CPU
		{8C4EA5AD-00EA-47C3-A9E9-9F33229FEE7F}.Release|Any CPU.Build.0 = Release|Any CPU
		{DD333DA5-600D-495E-80FA-C7BEA5CC9865}.Debug|Any CPU.ActiveCfg = Debug|Any CPU
		{DD333DA5-600D-495E-80FA-C7BEA5CC9865}.Debug|Any CPU.Build.0 = Debug|Any CPU
		{DD333DA5-600D-495E-80FA-C7BEA5CC9865}.Release|Any CPU.ActiveCfg = Release|Any CPU
		{DD333DA5-600D-495E-80FA-C7BEA5CC9865}.Release|Any CPU.Build.0 = Release|Any CPU
	EndGlobalSection
	GlobalSection(SolutionProperties) = preSolution
		HideSolutionNode = FALSE
	EndGlobalSection
	GlobalSection(ExtensibilityGlobals) = postSolution
		SolutionGuid = {F0A2E736-A130-4AC7-B882-4307C395714C}
	EndGlobalSection
EndGlobal
