Microsoft Visual Studio Solution File, Format Version 12.00
# Visual Studio Version 17
VisualStudioVersion = 17.5.2.0
MinimumVisualStudioVersion = 10.0.40219.1
Project("{FAE04EC0-301F-11D3-BF4B-00C04F79EFBC}") = "TechConf.Sessions.Api", "TechConf.Sessions.Api.csproj", "{A27B8FB0-C11B-95F1-D051-E3B3BD04C524}"
EndProject
Global
	GlobalSection(SolutionConfigurationPlatforms) = preSolution
		Debug|Any CPU = Debug|Any CPU
		Release|Any CPU = Release|Any CPU
	EndGlobalSection
	GlobalSection(ProjectConfigurationPlatforms) = postSolution
		{A27B8FB0-C11B-95F1-D051-E3B3BD04C524}.Debug|Any CPU.ActiveCfg = Debug|Any CPU
		{A27B8FB0-C11B-95F1-D051-E3B3BD04C524}.Debug|Any CPU.Build.0 = Debug|Any CPU
		{A27B8FB0-C11B-95F1-D051-E3B3BD04C524}.Release|Any CPU.ActiveCfg = Release|Any CPU
		{A27B8FB0-C11B-95F1-D051-E3B3BD04C524}.Release|Any CPU.Build.0 = Release|Any CPU
	EndGlobalSection
	GlobalSection(SolutionProperties) = preSolution
		HideSolutionNode = FALSE
	EndGlobalSection
	GlobalSection(ExtensibilityGlobals) = postSolution
		SolutionGuid = {90BB0739-E8B2-4396-918A-1A0B9D419693}
	EndGlobalSection
EndGlobal
