
Microsoft Visual Studio Solution File, Format Version 12.00
# Visual Studio Version 16
VisualStudioVersion = 16.0.30223.230
MinimumVisualStudioVersion = 10.0.40219.1
Project("{FAE04EC0-301F-11D3-BF4B-00C04F79EFBC}") = "EFCoreSample1", "EFCoreSample1\EFCoreSample1.csproj", "{87AC0591-DBF3-4E73-9C6E-90A129255B68}"
EndProject
Global
	GlobalSection(SolutionConfigurationPlatforms) = preSolution
		Debug|Any CPU = Debug|Any CPU
		Release|Any CPU = Release|Any CPU
	EndGlobalSection
	GlobalSection(ProjectConfigurationPlatforms) = postSolution
		{87AC0591-DBF3-4E73-9C6E-90A129255B68}.Debug|Any CPU.ActiveCfg = Debug|Any CPU
		{87AC0591-DBF3-4E73-9C6E-90A129255B68}.Debug|Any CPU.Build.0 = Debug|Any CPU
		{87AC0591-DBF3-4E73-9C6E-90A129255B68}.Release|Any CPU.ActiveCfg = Release|Any CPU
		{87AC0591-DBF3-4E73-9C6E-90A129255B68}.Release|Any CPU.Build.0 = Release|Any CPU
	EndGlobalSection
	GlobalSection(SolutionProperties) = preSolution
		HideSolutionNode = FALSE
	EndGlobalSection
	GlobalSection(ExtensibilityGlobals) = postSolution
		SolutionGuid = {CD2D5D3E-10C8-463F-9BD5-DC52196E5A04}
	EndGlobalSection
EndGlobal
