
Microsoft Visual Studio Solution File, Format Version 12.00
# Visual Studio Version 16
VisualStudioVersion = 16.0.29021.104
MinimumVisualStudioVersion = 10.0.40219.1
Project("{FAE04EC0-301F-11D3-BF4B-00C04F79EFBC}") = "GithubLargeJsonTest", "GithubLargeJsonTest\GithubLargeJsonTest.csproj", "{C73458AA-9347-4AA5-9501-A52B6D9F8348}"
EndProject
Global
	GlobalSection(SolutionConfigurationPlatforms) = preSolution
		Debug|Any CPU = Debug|Any CPU
		Release|Any CPU = Release|Any CPU
	EndGlobalSection
	GlobalSection(ProjectConfigurationPlatforms) = postSolution
		{C73458AA-9347-4AA5-9501-A52B6D9F8348}.Debug|Any CPU.ActiveCfg = Debug|Any CPU
		{C73458AA-9347-4AA5-9501-A52B6D9F8348}.Debug|Any CPU.Build.0 = Debug|Any CPU
		{C73458AA-9347-4AA5-9501-A52B6D9F8348}.Release|Any CPU.ActiveCfg = Release|Any CPU
		{C73458AA-9347-4AA5-9501-A52B6D9F8348}.Release|Any CPU.Build.0 = Release|Any CPU
	EndGlobalSection
	GlobalSection(SolutionProperties) = preSolution
		HideSolutionNode = FALSE
	EndGlobalSection
	GlobalSection(ExtensibilityGlobals) = postSolution
		SolutionGuid = {232A4908-0C3E-46FC-8DB6-EE9E8C743A0B}
	EndGlobalSection
EndGlobal
