
Microsoft Visual Studio Solution File, Format Version 12.00
# Visual Studio Version 16
VisualStudioVersion = 16.0.29006.145
MinimumVisualStudioVersion = 10.0.40219.1
Project("{FAE04EC0-301F-11D3-BF4B-00C04F79EFBC}") = "EfCoreRelationSample", "EfCoreRelationSample\EfCoreRelationSample.csproj", "{DACBA8BB-9BAD-4099-930E-B9E44660AD99}"
EndProject
Global
	GlobalSection(SolutionConfigurationPlatforms) = preSolution
		Debug|Any CPU = Debug|Any CPU
		Release|Any CPU = Release|Any CPU
	EndGlobalSection
	GlobalSection(ProjectConfigurationPlatforms) = postSolution
		{DACBA8BB-9BAD-4099-930E-B9E44660AD99}.Debug|Any CPU.ActiveCfg = Debug|Any CPU
		{DACBA8BB-9BAD-4099-930E-B9E44660AD99}.Debug|Any CPU.Build.0 = Debug|Any CPU
		{DACBA8BB-9BAD-4099-930E-B9E44660AD99}.Release|Any CPU.ActiveCfg = Release|Any CPU
		{DACBA8BB-9BAD-4099-930E-B9E44660AD99}.Release|Any CPU.Build.0 = Release|Any CPU
	EndGlobalSection
	GlobalSection(SolutionProperties) = preSolution
		HideSolutionNode = FALSE
	EndGlobalSection
	GlobalSection(ExtensibilityGlobals) = postSolution
		SolutionGuid = {18608706-AB44-4CF4-8606-38A2D40182C3}
	EndGlobalSection
EndGlobal
