
Microsoft Visual Studio Solution File, Format Version 12.00
# Visual Studio Version 16
VisualStudioVersion = 16.0.28803.352
MinimumVisualStudioVersion = 10.0.40219.1
Project("{9A19103F-16F7-4668-BE54-9A1E7A4F7556}") = "CSharpBasics", "CSharpBasics\CSharpBasics.csproj", "{3D5A4341-DB7B-4986-8290-C91DD815AE78}"
EndProject
Project("{FAE04EC0-301F-11D3-BF4B-00C04F79EFBC}") = "CSharpAdvancedLanguageFeatures", "..\CSharpAdvancedLanguageFeatures\CSharpAdvancedLanguageFeatures.csproj", "{5C4B74C9-B50E-4676-92DB-58E0C5D981AD}"
EndProject
Global
	GlobalSection(SolutionConfigurationPlatforms) = preSolution
		Debug|Any CPU = Debug|Any CPU
		Release|Any CPU = Release|Any CPU
	EndGlobalSection
	GlobalSection(ProjectConfigurationPlatforms) = postSolution
		{3D5A4341-DB7B-4986-8290-C91DD815AE78}.Debug|Any CPU.ActiveCfg = Debug|Any CPU
		{3D5A4341-DB7B-4986-8290-C91DD815AE78}.Debug|Any CPU.Build.0 = Debug|Any CPU
		{3D5A4341-DB7B-4986-8290-C91DD815AE78}.Release|Any CPU.ActiveCfg = Release|Any CPU
		{3D5A4341-DB7B-4986-8290-C91DD815AE78}.Release|Any CPU.Build.0 = Release|Any CPU
		{5C4B74C9-B50E-4676-92DB-58E0C5D981AD}.Debug|Any CPU.ActiveCfg = Debug|Any CPU
		{5C4B74C9-B50E-4676-92DB-58E0C5D981AD}.Debug|Any CPU.Build.0 = Debug|Any CPU
		{5C4B74C9-B50E-4676-92DB-58E0C5D981AD}.Release|Any CPU.ActiveCfg = Release|Any CPU
		{5C4B74C9-B50E-4676-92DB-58E0C5D981AD}.Release|Any CPU.Build.0 = Release|Any CPU
	EndGlobalSection
	GlobalSection(SolutionProperties) = preSolution
		HideSolutionNode = FALSE
	EndGlobalSection
	GlobalSection(ExtensibilityGlobals) = postSolution
		SolutionGuid = {ECBFA12D-B846-4C44-B760-E5BB5752E836}
	EndGlobalSection
EndGlobal
