
Microsoft Visual Studio Solution File, Format Version 12.00
# Visual Studio Version 17
VisualStudioVersion = 17.5.002.0
MinimumVisualStudioVersion = 10.0.40219.1
Project("{9A19103F-16F7-4668-BE54-9A1E7A4F7556}") = "PoliciesWithSimpleToken", "PoliciesWithSimpleToken.csproj", "{64C0FE24-3537-4A65-87A2-F97331AE32A6}"
EndProject
Global
	GlobalSection(SolutionConfigurationPlatforms) = preSolution
		Debug|Any CPU = Debug|Any CPU
		Release|Any CPU = Release|Any CPU
	EndGlobalSection
	GlobalSection(ProjectConfigurationPlatforms) = postSolution
		{64C0FE24-3537-4A65-87A2-F97331AE32A6}.Debug|Any CPU.ActiveCfg = Debug|Any CPU
		{64C0FE24-3537-4A65-87A2-F97331AE32A6}.Debug|Any CPU.Build.0 = Debug|Any CPU
		{64C0FE24-3537-4A65-87A2-F97331AE32A6}.Release|Any CPU.ActiveCfg = Release|Any CPU
		{64C0FE24-3537-4A65-87A2-F97331AE32A6}.Release|Any CPU.Build.0 = Release|Any CPU
	EndGlobalSection
	GlobalSection(SolutionProperties) = preSolution
		HideSolutionNode = FALSE
	EndGlobalSection
	GlobalSection(ExtensibilityGlobals) = postSolution
		SolutionGuid = {0384FAC1-851F-4244-8413-4C0C941D02BC}
	EndGlobalSection
EndGlobal
