
Microsoft Visual Studio Solution File, Format Version 12.00
# Visual Studio 14
VisualStudioVersion = 14.0.25420.1
MinimumVisualStudioVersion = 10.0.40219.1
Project("{FAE04EC0-301F-11D3-BF4B-00C04F79EFBC}") = "WebAPI.OData", "WebAPI.OData\WebAPI.OData.csproj", "{45D1A5F8-2D0C-488E-9928-C1E211841F1B}"
EndProject
Project("{FAE04EC0-301F-11D3-BF4B-00C04F79EFBC}") = "WebAPI.OData.Client", "WebAPI.OData.Client\WebAPI.OData.Client.csproj", "{0979FE28-A540-4D49-9D73-88CC1454957C}"
EndProject
Global
	GlobalSection(SolutionConfigurationPlatforms) = preSolution
		Debug|Any CPU = Debug|Any CPU
		Release|Any CPU = Release|Any CPU
	EndGlobalSection
	GlobalSection(ProjectConfigurationPlatforms) = postSolution
		{45D1A5F8-2D0C-488E-9928-C1E211841F1B}.Debug|Any CPU.ActiveCfg = Debug|Any CPU
		{45D1A5F8-2D0C-488E-9928-C1E211841F1B}.Debug|Any CPU.Build.0 = Debug|Any CPU
		{45D1A5F8-2D0C-488E-9928-C1E211841F1B}.Release|Any CPU.ActiveCfg = Release|Any CPU
		{45D1A5F8-2D0C-488E-9928-C1E211841F1B}.Release|Any CPU.Build.0 = Release|Any CPU
		{0979FE28-A540-4D49-9D73-88CC1454957C}.Debug|Any CPU.ActiveCfg = Debug|Any CPU
		{0979FE28-A540-4D49-9D73-88CC1454957C}.Debug|Any CPU.Build.0 = Debug|Any CPU
		{0979FE28-A540-4D49-9D73-88CC1454957C}.Release|Any CPU.ActiveCfg = Release|Any CPU
		{0979FE28-A540-4D49-9D73-88CC1454957C}.Release|Any CPU.Build.0 = Release|Any CPU
	EndGlobalSection
	GlobalSection(SolutionProperties) = preSolution
		HideSolutionNode = FALSE
	EndGlobalSection
EndGlobal
